// !$*UTF8*$!
{
	archiveVersion = 1;
	classes = {
	};
	objectVersion = 46;
	objects = {

/* Begin PBXBuildFile section */
		76C66703199DB2F700F1C8E3 /* DemoAppSecurityLockWindow.m in Sources */ = {isa = PBXBuildFile; fileRef = 76C66702199DB2F700F1C8E3 /* DemoAppSecurityLockWindow.m */; };
		76C6670B199DB6A200F1C8E3 /* LockViewController.swift in Sources */ = {isa = PBXBuildFile; fileRef = 76C66709199DB6A200F1C8E3 /* LockViewController.swift */; };
		76C6670C199DB6A200F1C8E3 /* LockViewController.xib in Resources */ = {isa = PBXBuildFile; fileRef = 76C6670A199DB6A200F1C8E3 /* LockViewController.xib */; };
		76D78F22199A67F9000C4473 /* AppDelegate.swift in Sources */ = {isa = PBXBuildFile; fileRef = 76D78F21199A67F9000C4473 /* AppDelegate.swift */; };
		76D78F24199A67F9000C4473 /* ViewController.swift in Sources */ = {isa = PBXBuildFile; fileRef = 76D78F23199A67F9000C4473 /* ViewController.swift */; };
		76D78F27199A67F9000C4473 /* Main.storyboard in Resources */ = {isa = PBXBuildFile; fileRef = 76D78F25199A67F9000C4473 /* Main.storyboard */; };
		76D78F29199A67F9000C4473 /* Images.xcassets in Resources */ = {isa = PBXBuildFile; fileRef = 76D78F28199A67F9000C4473 /* Images.xcassets */; };
		76D78F35199A67F9000C4473 /* VFAppSecurityLockWindowDemoTests.swift in Sources */ = {isa = PBXBuildFile; fileRef = 76D78F34199A67F9000C4473 /* VFAppSecurityLockWindowDemoTests.swift */; };
		76D78F44199A681F000C4473 /* VFAppSecurityLockWindow.m in Sources */ = {isa = PBXBuildFile; fileRef = 76D78F40199A681F000C4473 /* VFAppSecurityLockWindow.m */; };
		76D78F45199A681F000C4473 /* VFWindow.m in Sources */ = {isa = PBXBuildFile; fileRef = 76D78F43199A681F000C4473 /* VFWindow.m */; };
/* End PBXBuildFile section */

/* Begin PBXContainerItemProxy section */
		76D78F2F199A67F9000C4473 /* PBXContainerItemProxy */ = {
			isa = PBXContainerItemProxy;
			containerPortal = 76D78F14199A67F9000C4473 /* Project object */;
			proxyType = 1;
			remoteGlobalIDString = 76D78F1B199A67F9000C4473;
			remoteInfo = VFAppSecurityLockWindowDemo;
		};
/* End PBXContainerItemProxy section */

/* Begin PBXFileReference section */
		76C66701199DB2F700F1C8E3 /* DemoAppSecurityLockWindow.h */ = {isa = PBXFileReference; fileEncoding = 4; lastKnownFileType = sourcecode.c.h; path = DemoAppSecurityLockWindow.h; sourceTree = "<group>"; };
		76C66702199DB2F700F1C8E3 /* DemoAppSecurityLockWindow.m */ = {isa = PBXFileReference; fileEncoding = 4; lastKnownFileType = sourcecode.c.objc; path = DemoAppSecurityLockWindow.m; sourceTree = "<group>"; };
		76C66709199DB6A200F1C8E3 /* LockViewController.swift */ = {isa = PBXFileReference; fileEncoding = 4; lastKnownFileType = sourcecode.swift; path = LockViewController.swift; sourceTree = "<group>"; };
		76C6670A199DB6A200F1C8E3 /* LockViewController.xib */ = {isa = PBXFileReference; fileEncoding = 4; lastKnownFileType = file.xib; path = LockViewController.xib; sourceTree = "<group>"; };
		76C6670D199DBAC000F1C8E3 /* ObjCBrigingHeader.h */ = {isa = PBXFileReference; lastKnownFileType = sourcecode.c.h; path = ObjCBrigingHeader.h; sourceTree = "<group>"; };
		76D78F1C199A67F9000C4473 /* VFAppSecurityLockWindowDemo.app */ = {isa = PBXFileReference; explicitFileType = wrapper.application; includeInIndex = 0; path = VFAppSecurityLockWindowDemo.app; sourceTree = BUILT_PRODUCTS_DIR; };
		76D78F20199A67F9000C4473 /* Info.plist */ = {isa = PBXFileReference; lastKnownFileType = text.plist.xml; path = Info.plist; sourceTree = "<group>"; };
		76D78F21199A67F9000C4473 /* AppDelegate.swift */ = {isa = PBXFileReference; lastKnownFileType = sourcecode.swift; path = AppDelegate.swift; sourceTree = "<group>"; };
		76D78F23199A67F9000C4473 /* ViewController.swift */ = {isa = PBXFileReference; lastKnownFileType = sourcecode.swift; path = ViewController.swift; sourceTree = "<group>"; };
		76D78F26199A67F9000C4473 /* Base */ = {isa = PBXFileReference; lastKnownFileType = file.storyboard; name = Base; path = Base.lproj/Main.storyboard; sourceTree = "<group>"; };
		76D78F28199A67F9000C4473 /* Images.xcassets */ = {isa = PBXFileReference; lastKnownFileType = folder.assetcatalog; path = Images.xcassets; sourceTree = "<group>"; };
		76D78F2E199A67F9000C4473 /* VFAppSecurityLockWindowDemoTests.xctest */ = {isa = PBXFileReference; explicitFileType = wrapper.cfbundle; includeInIndex = 0; path = VFAppSecurityLockWindowDemoTests.xctest; sourceTree = BUILT_PRODUCTS_DIR; };
		76D78F33199A67F9000C4473 /* Info.plist */ = {isa = PBXFileReference; lastKnownFileType = text.plist.xml; path = Info.plist; sourceTree = "<group>"; };
		76D78F34199A67F9000C4473 /* VFAppSecurityLockWindowDemoTests.swift */ = {isa = PBXFileReference; lastKnownFileType = sourcecode.swift; path = VFAppSecurityLockWindowDemoTests.swift; sourceTree = "<group>"; };
		76D78F3F199A681F000C4473 /* VFAppSecurityLockWindow.h */ = {isa = PBXFileReference; fileEncoding = 4; lastKnownFileType = sourcecode.c.h; path = VFAppSecurityLockWindow.h; sourceTree = "<group>"; };
		76D78F40199A681F000C4473 /* VFAppSecurityLockWindow.m */ = {isa = PBXFileReference; fileEncoding = 4; lastKnownFileType = sourcecode.c.objc; path = VFAppSecurityLockWindow.m; sourceTree = "<group>"; };
		76D78F41199A681F000C4473 /* VFAppSecurityLockWindow_Subclass.h */ = {isa = PBXFileReference; fileEncoding = 4; lastKnownFileType = sourcecode.c.h; path = VFAppSecurityLockWindow_Subclass.h; sourceTree = "<group>"; };
		76D78F42199A681F000C4473 /* VFWindow.h */ = {isa = PBXFileReference; fileEncoding = 4; lastKnownFileType = sourcecode.c.h; path = VFWindow.h; sourceTree = "<group>"; };
		76D78F43199A681F000C4473 /* VFWindow.m */ = {isa = PBXFileReference; fileEncoding = 4; lastKnownFileType = sourcecode.c.objc; path = VFWindow.m; sourceTree = "<group>"; };
/* End PBXFileReference section */

/* Begin PBXFrameworksBuildPhase section */
		76D78F19199A67F9000C4473 /* Frameworks */ = {
			isa = PBXFrameworksBuildPhase;
			buildActionMask = 2147483647;
			files = (
			);
			runOnlyForDeploymentPostprocessing = 0;
		};
		76D78F2B199A67F9000C4473 /* Frameworks */ = {
			isa = PBXFrameworksBuildPhase;
			buildActionMask = 2147483647;
			files = (
			);
			runOnlyForDeploymentPostprocessing = 0;
		};
/* End PBXFrameworksBuildPhase section */

/* Begin PBXGroup section */
		76C66700199DB1DD00F1C8E3 /* security */ = {
			isa = PBXGroup;
			children = (
				76C66701199DB2F700F1C8E3 /* DemoAppSecurityLockWindow.h */,
				76C66702199DB2F700F1C8E3 /* DemoAppSecurityLockWindow.m */,
				76C66709199DB6A200F1C8E3 /* LockViewController.swift */,
				76C6670A199DB6A200F1C8E3 /* LockViewController.xib */,
			);
			path = security;
			sourceTree = "<group>";
		};
		76D78F13199A67F9000C4473 = {
			isa = PBXGroup;
			children = (
				76D78F1E199A67F9000C4473 /* VFAppSecurityLockWindowDemo */,
				76D78F31199A67F9000C4473 /* VFAppSecurityLockWindowDemoTests */,
				76D78F1D199A67F9000C4473 /* Products */,
			);
			sourceTree = "<group>";
		};
		76D78F1D199A67F9000C4473 /* Products */ = {
			isa = PBXGroup;
			children = (
				76D78F1C199A67F9000C4473 /* VFAppSecurityLockWindowDemo.app */,
				76D78F2E199A67F9000C4473 /* VFAppSecurityLockWindowDemoTests.xctest */,
			);
			name = Products;
			sourceTree = "<group>";
		};
		76D78F1E199A67F9000C4473 /* VFAppSecurityLockWindowDemo */ = {
			isa = PBXGroup;
			children = (
				76D78F21199A67F9000C4473 /* AppDelegate.swift */,
				76D78F28199A67F9000C4473 /* Images.xcassets */,
				76D78F25199A67F9000C4473 /* Main.storyboard */,
				76C6670D199DBAC000F1C8E3 /* ObjCBrigingHeader.h */,
				76C66700199DB1DD00F1C8E3 /* security */,
				76D78F3E199A681F000C4473 /* src */,
				76D78F1F199A67F9000C4473 /* Supporting Files */,
				76D78F23199A67F9000C4473 /* ViewController.swift */,
			);
			path = VFAppSecurityLockWindowDemo;
			sourceTree = "<group>";
		};
		76D78F1F199A67F9000C4473 /* Supporting Files */ = {
			isa = PBXGroup;
			children = (
				76D78F20199A67F9000C4473 /* Info.plist */,
			);
			name = "Supporting Files";
			sourceTree = "<group>";
		};
		76D78F31199A67F9000C4473 /* VFAppSecurityLockWindowDemoTests */ = {
			isa = PBXGroup;
			children = (
				76D78F34199A67F9000C4473 /* VFAppSecurityLockWindowDemoTests.swift */,
				76D78F32199A67F9000C4473 /* Supporting Files */,
			);
			path = VFAppSecurityLockWindowDemoTests;
			sourceTree = "<group>";
		};
		76D78F32199A67F9000C4473 /* Supporting Files */ = {
			isa = PBXGroup;
			children = (
				76D78F33199A67F9000C4473 /* Info.plist */,
			);
			name = "Supporting Files";
			sourceTree = "<group>";
		};
		76D78F3E199A681F000C4473 /* src */ = {
			isa = PBXGroup;
			children = (
				76D78F3F199A681F000C4473 /* VFAppSecurityLockWindow.h */,
				76D78F40199A681F000C4473 /* VFAppSecurityLockWindow.m */,
				76D78F41199A681F000C4473 /* VFAppSecurityLockWindow_Subclass.h */,
				76D78F42199A681F000C4473 /* VFWindow.h */,
				76D78F43199A681F000C4473 /* VFWindow.m */,
			);
			name = src;
			path = ../../src;
			sourceTree = "<group>";
		};
/* End PBXGroup section */

/* Begin PBXNativeTarget section */
		76D78F1B199A67F9000C4473 /* VFAppSecurityLockWindowDemo */ = {
			isa = PBXNativeTarget;
			buildConfigurationList = 76D78F38199A67F9000C4473 /* Build configuration list for PBXNativeTarget "VFAppSecurityLockWindowDemo" */;
			buildPhases = (
				76D78F18199A67F9000C4473 /* Sources */,
				76D78F19199A67F9000C4473 /* Frameworks */,
				76D78F1A199A67F9000C4473 /* Resources */,
			);
			buildRules = (
			);
			dependencies = (
			);
			name = VFAppSecurityLockWindowDemo;
			productName = VFAppSecurityLockWindowDemo;
			productReference = 76D78F1C199A67F9000C4473 /* VFAppSecurityLockWindowDemo.app */;
			productType = "com.apple.product-type.application";
		};
		76D78F2D199A67F9000C4473 /* VFAppSecurityLockWindowDemoTests */ = {
			isa = PBXNativeTarget;
			buildConfigurationList = 76D78F3B199A67F9000C4473 /* Build configuration list for PBXNativeTarget "VFAppSecurityLockWindowDemoTests" */;
			buildPhases = (
				76D78F2A199A67F9000C4473 /* Sources */,
				76D78F2B199A67F9000C4473 /* Frameworks */,
				76D78F2C199A67F9000C4473 /* Resources */,
			);
			buildRules = (
			);
			dependencies = (
				76D78F30199A67F9000C4473 /* PBXTargetDependency */,
			);
			name = VFAppSecurityLockWindowDemoTests;
			productName = VFAppSecurityLockWindowDemoTests;
			productReference = 76D78F2E199A67F9000C4473 /* VFAppSecurityLockWindowDemoTests.xctest */;
			productType = "com.apple.product-type.bundle.unit-test";
		};
/* End PBXNativeTarget section */

/* Begin PBXProject section */
		76D78F14199A67F9000C4473 /* Project object */ = {
			isa = PBXProject;
			attributes = {
				LastUpgradeCheck = 0600;
				ORGANIZATIONNAME = "Valery Fomenko";
				TargetAttributes = {
					76D78F1B199A67F9000C4473 = {
						CreatedOnToolsVersion = 6.0;
					};
					76D78F2D199A67F9000C4473 = {
						CreatedOnToolsVersion = 6.0;
						TestTargetID = 76D78F1B199A67F9000C4473;
					};
				};
			};
			buildConfigurationList = 76D78F17199A67F9000C4473 /* Build configuration list for PBXProject "VFAppSecurityLockWindowDemo" */;
			compatibilityVersion = "Xcode 3.2";
			developmentRegion = English;
			hasScannedForEncodings = 0;
			knownRegions = (
				en,
				Base,
			);
			mainGroup = 76D78F13199A67F9000C4473;
			productRefGroup = 76D78F1D199A67F9000C4473 /* Products */;
			projectDirPath = "";
			projectRoot = "";
			targets = (
				76D78F1B199A67F9000C4473 /* VFAppSecurityLockWindowDemo */,
				76D78F2D199A67F9000C4473 /* VFAppSecurityLockWindowDemoTests */,
			);
		};
/* End PBXProject section */

/* Begin PBXResourcesBuildPhase section */
		76D78F1A199A67F9000C4473 /* Resources */ = {
			isa = PBXResourcesBuildPhase;
			buildActionMask = 2147483647;
			files = (
				76C6670C199DB6A200F1C8E3 /* LockViewController.xib in Resources */,
				76D78F27199A67F9000C4473 /* Main.storyboard in Resources */,
				76D78F29199A67F9000C4473 /* Images.xcassets in Resources */,
			);
			runOnlyForDeploymentPostprocessing = 0;
		};
		76D78F2C199A67F9000C4473 /* Resources */ = {
			isa = PBXResourcesBuildPhase;
			buildActionMask = 2147483647;
			files = (
			);
			runOnlyForDeploymentPostprocessing = 0;
		};
/* End PBXResourcesBuildPhase section */

/* Begin PBXSourcesBuildPhase section */
		76D78F18199A67F9000C4473 /* Sources */ = {
			isa = PBXSourcesBuildPhase;
			buildActionMask = 2147483647;
			files = (
				76D78F44199A681F000C4473 /* VFAppSecurityLockWindow.m in Sources */,
				76C66703199DB2F700F1C8E3 /* DemoAppSecurityLockWindow.m in Sources */,
				76D78F45199A681F000C4473 /* VFWindow.m in Sources */,
				76C6670B199DB6A200F1C8E3 /* LockViewController.swift in Sources */,
				76D78F24199A67F9000C4473 /* ViewController.swift in Sources */,
				76D78F22199A67F9000C4473 /* AppDelegate.swift in Sources */,
			);
			runOnlyForDeploymentPostprocessing = 0;
		};
		76D78F2A199A67F9000C4473 /* Sources */ = {
			isa = PBXSourcesBuildPhase;
			buildActionMask = 2147483647;
			files = (
				76D78F35199A67F9000C4473 /* VFAppSecurityLockWindowDemoTests.swift in Sources */,
			);
			runOnlyForDeploymentPostprocessing = 0;
		};
/* End PBXSourcesBuildPhase section */

/* Begin PBXTargetDependency section */
		76D78F30199A67F9000C4473 /* PBXTargetDependency */ = {
			isa = PBXTargetDependency;
			target = 76D78F1B199A67F9000C4473 /* VFAppSecurityLockWindowDemo */;
			targetProxy = 76D78F2F199A67F9000C4473 /* PBXContainerItemProxy */;
		};
/* End PBXTargetDependency section */

/* Begin PBXVariantGroup section */
		76D78F25199A67F9000C4473 /* Main.storyboard */ = {
			isa = PBXVariantGroup;
			children = (
				76D78F26199A67F9000C4473 /* Base */,
			);
			name = Main.storyboard;
			sourceTree = "<group>";
		};
/* End PBXVariantGroup section */

/* Begin XCBuildConfiguration section */
		76D78F36199A67F9000C4473 /* Debug */ = {
			isa = XCBuildConfiguration;
			buildSettings = {
				ALWAYS_SEARCH_USER_PATHS = NO;
				CLANG_CXX_LANGUAGE_STANDARD = "gnu++0x";
				CLANG_CXX_LIBRARY = "libc++";
				CLANG_ENABLE_MODULES = YES;
				CLANG_ENABLE_OBJC_ARC = YES;
				CLANG_WARN_BOOL_CONVERSION = YES;
				CLANG_WARN_CONSTANT_CONVERSION = YES;
				CLANG_WARN_DIRECT_OBJC_ISA_USAGE = YES_ERROR;
				CLANG_WARN_EMPTY_BODY = YES;
				CLANG_WARN_ENUM_CONVERSION = YES;
				CLANG_WARN_INT_CONVERSION = YES;
				CLANG_WARN_OBJC_ROOT_CLASS = YES_ERROR;
				CLANG_WARN_UNREACHABLE_CODE = YES;
				CLANG_WARN__DUPLICATE_METHOD_MATCH = YES;
				"CODE_SIGN_IDENTITY[sdk=iphoneos*]" = "iPhone Developer";
				COPY_PHASE_STRIP = NO;
				ENABLE_STRICT_OBJC_MSGSEND = YES;
				GCC_C_LANGUAGE_STANDARD = gnu99;
				GCC_DYNAMIC_NO_PIC = NO;
				GCC_OPTIMIZATION_LEVEL = 0;
				GCC_PREPROCESSOR_DEFINITIONS = (
					"DEBUG=1",
					"$(inherited)",
				);
				GCC_SYMBOLS_PRIVATE_EXTERN = NO;
				GCC_WARN_64_TO_32_BIT_CONVERSION = YES;
				GCC_WARN_ABOUT_RETURN_TYPE = YES_ERROR;
				GCC_WARN_UNDECLARED_SELECTOR = YES;
				GCC_WARN_UNINITIALIZED_AUTOS = YES_AGGRESSIVE;
				GCC_WARN_UNUSED_FUNCTION = YES;
				GCC_WARN_UNUSED_VARIABLE = YES;
				IPHONEOS_DEPLOYMENT_TARGET = 8.0;
				MTL_ENABLE_DEBUG_INFO = YES;
				ONLY_ACTIVE_ARCH = YES;
				SDKROOT = iphoneos;
				SWIFT_OPTIMIZATION_LEVEL = "-Onone";
				TARGETED_DEVICE_FAMILY = "1,2";
			};
			name = Debug;
		};
		76D78F37199A67F9000C4473 /* Release */ = {
			isa = XCBuildConfiguration;
			buildSettings = {
				ALWAYS_SEARCH_USER_PATHS = NO;
				CLANG_CXX_LANGUAGE_STANDARD = "gnu++0x";
				CLANG_CXX_LIBRARY = "libc++";
				CLANG_ENABLE_MODULES = YES;
				CLANG_ENABLE_OBJC_ARC = YES;
				CLANG_WARN_BOOL_CONVERSION = YES;
				CLANG_WARN_CONSTANT_CONVERSION = YES;
				CLANG_WARN_DIRECT_OBJC_ISA_USAGE = YES_ERROR;
				CLANG_WARN_EMPTY_BODY = YES;
				CLANG_WARN_ENUM_CONVERSION = YES;
				CLANG_WARN_INT_CONVERSION = YES;
				CLANG_WARN_OBJC_ROOT_CLASS = YES_ERROR;
				CLANG_WARN_UNREACHABLE_CODE = YES;
				CLANG_WARN__DUPLICATE_METHOD_MATCH = YES;
				"CODE_SIGN_IDENTITY[sdk=iphoneos*]" = "iPhone Developer";
				COPY_PHASE_STRIP = YES;
				ENABLE_NS_ASSERTIONS = NO;
				ENABLE_STRICT_OBJC_MSGSEND = YES;
				GCC_C_LANGUAGE_STANDARD = gnu99;
				GCC_WARN_64_TO_32_BIT_CONVERSION = YES;
				GCC_WARN_ABOUT_RETURN_TYPE = YES_ERROR;
				GCC_WARN_UNDECLARED_SELECTOR = YES;
				GCC_WARN_UNINITIALIZED_AUTOS = YES_AGGRESSIVE;
				GCC_WARN_UNUSED_FUNCTION = YES;
				GCC_WARN_UNUSED_VARIABLE = YES;
				IPHONEOS_DEPLOYMENT_TARGET = 8.0;
				MTL_ENABLE_DEBUG_INFO = NO;
				SDKROOT = iphoneos;
				TARGETED_DEVICE_FAMILY = "1,2";
				VALIDATE_PRODUCT = YES;
			};
			name = Release;
		};
		76D78F39199A67F9000C4473 /* Debug */ = {
			isa = XCBuildConfiguration;
			buildSettings = {
				ASSETCATALOG_COMPILER_APPICON_NAME = AppIcon;
				ASSETCATALOG_COMPILER_LAUNCHIMAGE_NAME = LaunchImage;
				DEFINES_MODULE = YES;
				INFOPLIST_FILE = VFAppSecurityLockWindowDemo/Info.plist;
				IPHONEOS_DEPLOYMENT_TARGET = 7.0;
				LD_RUNPATH_SEARCH_PATHS = "$(inherited) @executable_path/Frameworks";
				PRODUCT_NAME = "$(TARGET_NAME)";
				SWIFT_OBJC_BRIDGING_HEADER = VFAppSecurityLockWindowDemo/ObjCBrigingHeader.h;
			};
			name = Debug;
		};
		76D78F3A199A67F9000C4473 /* Release */ = {
			isa = XCBuildConfiguration;
			buildSettings = {
				ASSETCATALOG_COMPILER_APPICON_NAME = AppIcon;
				ASSETCATALOG_COMPILER_LAUNCHIMAGE_NAME = LaunchImage;
				DEFINES_MODULE = YES;
				INFOPLIST_FILE = VFAppSecurityLockWindowDemo/Info.plist;
				IPHONEOS_DEPLOYMENT_TARGET = 7.0;
				LD_RUNPATH_SEARCH_PATHS = "$(inherited) @executable_path/Frameworks";
				PRODUCT_NAME = "$(TARGET_NAME)";
				SWIFT_OBJC_BRIDGING_HEADER = VFAppSecurityLockWindowDemo/ObjCBrigingHeader.h;
			};
			name = Release;
		};
		76D78F3C199A67F9000C4473 /* Debug */ = {
			isa = XCBuildConfiguration;
			buildSettings = {
				BUNDLE_LOADER = "$(TEST_HOST)";
				FRAMEWORK_SEARCH_PATHS = (
					"$(SDKROOT)/Developer/Library/Frameworks",
					"$(inherited)",
				);
				GCC_PREPROCESSOR_DEFINITIONS = (
					"DEBUG=1",
					"$(inherited)",
				);
				INFOPLIST_FILE = VFAppSecurityLockWindowDemoTests/Info.plist;
				LD_RUNPATH_SEARCH_PATHS = "$(inherited) @executable_path/Frameworks @loader_path/Frameworks";
				PRODUCT_NAME = "$(TARGET_NAME)";
				TEST_HOST = "$(BUILT_PRODUCTS_DIR)/VFAppSecurityLockWindowDemo.app/VFAppSecurityLockWindowDemo";
			};
			name = Debug;
		};
		76D78F3D199A67F9000C4473 /* Release */ = {
			isa = XCBuildConfiguration;
			buildSettings = {
				BUNDLE_LOADER = "$(TEST_HOST)";
				FRAMEWORK_SEARCH_PATHS = (
					"$(SDKROOT)/Developer/Library/Frameworks",
					"$(inherited)",
				);
				INFOPLIST_FILE = VFAppSecurityLockWindowDemoTests/Info.plist;
				LD_RUNPATH_SEARCH_PATHS = "$(inherited) @executable_path/Frameworks @loader_path/Frameworks";
				PRODUCT_NAME = "$(TARGET_NAME)";
				TEST_HOST = "$(BUILT_PRODUCTS_DIR)/VFAppSecurityLockWindowDemo.app/VFAppSecurityLockWindowDemo";
			};
			name = Release;
		};
/* End XCBuildConfiguration section */

/* Begin XCConfigurationList section */
		76D78F17199A67F9000C4473 /* Build configuration list for PBXProject "VFAppSecurityLockWindowDemo" */ = {
			isa = XCConfigurationList;
			buildConfigurations = (
				76D78F36199A67F9000C4473 /* Debug */,
				76D78F37199A67F9000C4473 /* Release */,
			);
			defaultConfigurationIsVisible = 0;
			defaultConfigurationName = Release;
		};
		76D78F38199A67F9000C4473 /* Build configuration list for PBXNativeTarget "VFAppSecurityLockWindowDemo" */ = {
			isa = XCConfigurationList;
			buildConfigurations = (
				76D78F39199A67F9000C4473 /* Debug */,
				76D78F3A199A67F9000C4473 /* Release */,
			);
			defaultConfigurationIsVisible = 0;
			defaultConfigurationName = Release;
		};
		76D78F3B199A67F9000C4473 /* Build configuration list for PBXNativeTarget "VFAppSecurityLockWindowDemoTests" */ = {
			isa = XCConfigurationList;
			buildConfigurations = (
				76D78F3C199A67F9000C4473 /* Debug */,
				76D78F3D199A67F9000C4473 /* Release */,
			);
			defaultConfigurationIsVisible = 0;
			defaultConfigurationName = Release;
		};
/* End XCConfigurationList section */
	};
	rootObject = 76D78F14199A67F9000C4473 /* Project object */;
}
